// !$*UTF8*$!
{
	archiveVersion = 1;
	classes = {
	};
	objectVersion = 50;
	objects = {

/* Begin PBXBuildFile section */
		1697FC8A21F95ADB00CEC8D0 /* XQTools.h in Headers */ = {isa = PBXBuildFile; fileRef = 1697FC8821F95ADB00CEC8D0 /* XQTools.h */; settings = {ATTRIBUTES = (Public, ); }; };
		1697FCBF21F9616000CEC8D0 /* XQCache.h in Headers */ = {isa = PBXBuildFile; fileRef = 1697FCBD21F9616000CEC8D0 /* XQCache.h */; };
		1697FCC021F9616000CEC8D0 /* XQCache.m in Sources */ = {isa = PBXBuildFile; fileRef = 1697FCBE21F9616000CEC8D0 /* XQCache.m */; };
		1697FCC321F9617000CEC8D0 /* XQRouter.h in Headers */ = {isa = PBXBuildFile; fileRef = 1697FCC121F9617000CEC8D0 /* XQRouter.h */; };
		1697FCC421F9617000CEC8D0 /* XQRouter.m in Sources */ = {isa = PBXBuildFile; fileRef = 1697FCC221F9617000CEC8D0 /* XQRouter.m */; };
		1697FCC721F9631D00CEC8D0 /* XQNetwork.h in Headers */ = {isa = PBXBuildFile; fileRef = 1697FCC521F9631D00CEC8D0 /* XQNetwork.h */; };
		1697FCC821F9631D00CEC8D0 /* XQNetwork.m in Sources */ = {isa = PBXBuildFile; fileRef = 1697FCC621F9631D00CEC8D0 /* XQNetwork.m */; };
		1697FCCB21F9632D00CEC8D0 /* XQLocalize.h in Headers */ = {isa = PBXBuildFile; fileRef = 1697FCC921F9632D00CEC8D0 /* XQLocalize.h */; };
		1697FCCC21F9632D00CEC8D0 /* XQLocalize.m in Sources */ = {isa = PBXBuildFile; fileRef = 1697FCCA21F9632D00CEC8D0 /* XQLocalize.m */; };
		1697FCCF21F9633B00CEC8D0 /* XQAnalysis.h in Headers */ = {isa = PBXBuildFile; fileRef = 1697FCCD21F9633B00CEC8D0 /* XQAnalysis.h */; };
		1697FCD021F9633B00CEC8D0 /* XQAnalysis.m in Sources */ = {isa = PBXBuildFile; fileRef = 1697FCCE21F9633B00CEC8D0 /* XQAnalysis.m */; };
		1697FCD621F963BA00CEC8D0 /* XQAlert.h in Headers */ = {isa = PBXBuildFile; fileRef = 1697FCD421F963BA00CEC8D0 /* XQAlert.h */; };
		1697FCD721F963BA00CEC8D0 /* XQAlert.m in Sources */ = {isa = PBXBuildFile; fileRef = 1697FCD521F963BA00CEC8D0 /* XQAlert.m */; };
		1697FCDA21F963DB00CEC8D0 /* XQTableView.h in Headers */ = {isa = PBXBuildFile; fileRef = 1697FCD821F963DB00CEC8D0 /* XQTableView.h */; };
		1697FCDB21F963DB00CEC8D0 /* XQTableView.m in Sources */ = {isa = PBXBuildFile; fileRef = 1697FCD921F963DB00CEC8D0 /* XQTableView.m */; };
		1697FCE321F96B4E00CEC8D0 /* NSString+XQDecimalNumber.h in Headers */ = {isa = PBXBuildFile; fileRef = 1697FCE121F96B4E00CEC8D0 /* NSString+XQDecimalNumber.h */; };
		1697FCE421F96B4E00CEC8D0 /* NSString+XQDecimalNumber.m in Sources */ = {isa = PBXBuildFile; fileRef = 1697FCE221F96B4E00CEC8D0 /* NSString+XQDecimalNumber.m */; };
		1697FCE721F96BC600CEC8D0 /* NSString+XQPredicate.h in Headers */ = {isa = PBXBuildFile; fileRef = 1697FCE521F96BC600CEC8D0 /* NSString+XQPredicate.h */; };
		1697FCE821F96BC600CEC8D0 /* NSString+XQPredicate.m in Sources */ = {isa = PBXBuildFile; fileRef = 1697FCE621F96BC600CEC8D0 /* NSString+XQPredicate.m */; };
		1697FCEB21F96C6000CEC8D0 /* NSString+XQFormat.h in Headers */ = {isa = PBXBuildFile; fileRef = 1697FCE921F96C6000CEC8D0 /* NSString+XQFormat.h */; };
		1697FCEC21F96C6000CEC8D0 /* NSString+XQFormat.m in Sources */ = {isa = PBXBuildFile; fileRef = 1697FCEA21F96C6000CEC8D0 /* NSString+XQFormat.m */; };
		1697FCEF21F96D2A00CEC8D0 /* NSString+XQSize.h in Headers */ = {isa = PBXBuildFile; fileRef = 1697FCED21F96D2A00CEC8D0 /* NSString+XQSize.h */; };
		1697FCF021F96D2A00CEC8D0 /* NSString+XQSize.m in Sources */ = {isa = PBXBuildFile; fileRef = 1697FCEE21F96D2A00CEC8D0 /* NSString+XQSize.m */; };
		1697FCFB21F973AF00CEC8D0 /* NSObject+XQRuntime.h in Headers */ = {isa = PBXBuildFile; fileRef = 1697FCF921F973AF00CEC8D0 /* NSObject+XQRuntime.h */; };
		1697FCFC21F973AF00CEC8D0 /* NSObject+XQRuntime.m in Sources */ = {isa = PBXBuildFile; fileRef = 1697FCFA21F973AF00CEC8D0 /* NSObject+XQRuntime.m */; };
		1697FCFF21F9803E00CEC8D0 /* NSArray+XQDescription.h in Headers */ = {isa = PBXBuildFile; fileRef = 1697FCFD21F9803E00CEC8D0 /* NSArray+XQDescription.h */; };
		1697FD0021F9803E00CEC8D0 /* NSArray+XQDescription.m in Sources */ = {isa = PBXBuildFile; fileRef = 1697FCFE21F9803E00CEC8D0 /* NSArray+XQDescription.m */; };
		1697FD0321F9806100CEC8D0 /* NSDictionary+XQDescription.h in Headers */ = {isa = PBXBuildFile; fileRef = 1697FD0121F9806100CEC8D0 /* NSDictionary+XQDescription.h */; };
		1697FD0421F9806100CEC8D0 /* NSDictionary+XQDescription.m in Sources */ = {isa = PBXBuildFile; fileRef = 1697FD0221F9806100CEC8D0 /* NSDictionary+XQDescription.m */; };
		1697FD0721F98EDC00CEC8D0 /* UIButton+XQAction.h in Headers */ = {isa = PBXBuildFile; fileRef = 1697FD0521F98EDC00CEC8D0 /* UIButton+XQAction.h */; };
		1697FD0821F98EDC00CEC8D0 /* UIButton+XQAction.m in Sources */ = {isa = PBXBuildFile; fileRef = 1697FD0621F98EDC00CEC8D0 /* UIButton+XQAction.m */; };
		1697FD0B21F98FE000CEC8D0 /* UIView+XQFrame.h in Headers */ = {isa = PBXBuildFile; fileRef = 1697FD0921F98FE000CEC8D0 /* UIView+XQFrame.h */; };
		1697FD0C21F98FE000CEC8D0 /* UIView+XQFrame.m in Sources */ = {isa = PBXBuildFile; fileRef = 1697FD0A21F98FE000CEC8D0 /* UIView+XQFrame.m */; };
		1697FD0F21F98FF400CEC8D0 /* UIView+XQFunction.h in Headers */ = {isa = PBXBuildFile; fileRef = 1697FD0D21F98FF400CEC8D0 /* UIView+XQFunction.h */; };
		1697FD1021F98FF400CEC8D0 /* UIView+XQFunction.m in Sources */ = {isa = PBXBuildFile; fileRef = 1697FD0E21F98FF400CEC8D0 /* UIView+XQFunction.m */; };
		1697FD1321F9944500CEC8D0 /* UIImage+XQImage.h in Headers */ = {isa = PBXBuildFile; fileRef = 1697FD1121F9944500CEC8D0 /* UIImage+XQImage.h */; };
		1697FD1421F9944500CEC8D0 /* UIImage+XQImage.m in Sources */ = {isa = PBXBuildFile; fileRef = 1697FD1221F9944500CEC8D0 /* UIImage+XQImage.m */; };
		1697FD1721F9953000CEC8D0 /* NSData+XQBase64.h in Headers */ = {isa = PBXBuildFile; fileRef = 1697FD1521F9953000CEC8D0 /* NSData+XQBase64.h */; };
		1697FD1821F9953000CEC8D0 /* NSData+XQBase64.m in Sources */ = {isa = PBXBuildFile; fileRef = 1697FD1621F9953000CEC8D0 /* NSData+XQBase64.m */; };
		1697FD1B21F9961E00CEC8D0 /* UIColor+XQString.h in Headers */ = {isa = PBXBuildFile; fileRef = 1697FD1921F9961E00CEC8D0 /* UIColor+XQString.h */; };
		1697FD1C21F9961E00CEC8D0 /* UIColor+XQString.m in Sources */ = {isa = PBXBuildFile; fileRef = 1697FD1A21F9961E00CEC8D0 /* UIColor+XQString.m */; };
/* End PBXBuildFile section */

/* Begin PBXFileReference section */
		1697FC8521F95ADB00CEC8D0 /* XQTools.framework */ = {isa = PBXFileReference; explicitFileType = wrapper.framework; includeInIndex = 0; path = XQTools.framework; sourceTree = BUILT_PRODUCTS_DIR; };
		1697FC8821F95ADB00CEC8D0 /* XQTools.h */ = {isa = PBXFileReference; lastKnownFileType = sourcecode.c.h; path = XQTools.h; sourceTree = "<group>"; };
		1697FC8921F95ADB00CEC8D0 /* Info.plist */ = {isa = PBXFileReference; lastKnownFileType = text.plist.xml; path = Info.plist; sourceTree = "<group>"; };
		1697FCBD21F9616000CEC8D0 /* XQCache.h */ = {isa = PBXFileReference; lastKnownFileType = sourcecode.c.h; path = XQCache.h; sourceTree = "<group>"; };
		1697FCBE21F9616000CEC8D0 /* XQCache.m */ = {isa = PBXFileReference; lastKnownFileType = sourcecode.c.objc; path = XQCache.m; sourceTree = "<group>"; };
		1697FCC121F9617000CEC8D0 /* XQRouter.h */ = {isa = PBXFileReference; lastKnownFileType = sourcecode.c.h; path = XQRouter.h; sourceTree = "<group>"; };
		1697FCC221F9617000CEC8D0 /* XQRouter.m */ = {isa = PBXFileReference; lastKnownFileType = sourcecode.c.objc; path = XQRouter.m; sourceTree = "<group>"; };
		1697FCC521F9631D00CEC8D0 /* XQNetwork.h */ = {isa = PBXFileReference; lastKnownFileType = sourcecode.c.h; path = XQNetwork.h; sourceTree = "<group>"; };
		1697FCC621F9631D00CEC8D0 /* XQNetwork.m */ = {isa = PBXFileReference; lastKnownFileType = sourcecode.c.objc; path = XQNetwork.m; sourceTree = "<group>"; };
		1697FCC921F9632D00CEC8D0 /* XQLocalize.h */ = {isa = PBXFileReference; lastKnownFileType = sourcecode.c.h; path = XQLocalize.h; sourceTree = "<group>"; };
		1697FCCA21F9632D00CEC8D0 /* XQLocalize.m */ = {isa = PBXFileReference; lastKnownFileType = sourcecode.c.objc; path = XQLocalize.m; sourceTree = "<group>"; };
		1697FCCD21F9633B00CEC8D0 /* XQAnalysis.h */ = {isa = PBXFileReference; lastKnownFileType = sourcecode.c.h; path = XQAnalysis.h; sourceTree = "<group>"; };
		1697FCCE21F9633B00CEC8D0 /* XQAnalysis.m */ = {isa = PBXFileReference; lastKnownFileType = sourcecode.c.objc; path = XQAnalysis.m; sourceTree = "<group>"; };
		1697FCD121F9634A00CEC8D0 /* XQMacro.h */ = {isa = PBXFileReference; lastKnownFileType = sourcecode.c.h; path = XQMacro.h; sourceTree = "<group>"; };
		1697FCD421F963BA00CEC8D0 /* XQAlert.h */ = {isa = PBXFileReference; lastKnownFileType = sourcecode.c.h; path = XQAlert.h; sourceTree = "<group>"; };
		1697FCD521F963BA00CEC8D0 /* XQAlert.m */ = {isa = PBXFileReference; lastKnownFileType = sourcecode.c.objc; path = XQAlert.m; sourceTree = "<group>"; };
		1697FCD821F963DB00CEC8D0 /* XQTableView.h */ = {isa = PBXFileReference; lastKnownFileType = sourcecode.c.h; path = XQTableView.h; sourceTree = "<group>"; };
		1697FCD921F963DB00CEC8D0 /* XQTableView.m */ = {isa = PBXFileReference; lastKnownFileType = sourcecode.c.objc; path = XQTableView.m; sourceTree = "<group>"; };
		1697FCE121F96B4E00CEC8D0 /* NSString+XQDecimalNumber.h */ = {isa = PBXFileReference; lastKnownFileType = sourcecode.c.h; path = "NSString+XQDecimalNumber.h"; sourceTree = "<group>"; };
		1697FCE221F96B4E00CEC8D0 /* NSString+XQDecimalNumber.m */ = {isa = PBXFileReference; lastKnownFileType = sourcecode.c.objc; path = "NSString+XQDecimalNumber.m"; sourceTree = "<group>"; };
		1697FCE521F96BC600CEC8D0 /* NSString+XQPredicate.h */ = {isa = PBXFileReference; lastKnownFileType = sourcecode.c.h; path = "NSString+XQPredicate.h"; sourceTree = "<group>"; };
		1697FCE621F96BC600CEC8D0 /* NSString+XQPredicate.m */ = {isa = PBXFileReference; lastKnownFileType = sourcecode.c.objc; path = "NSString+XQPredicate.m"; sourceTree = "<group>"; };
		1697FCE921F96C6000CEC8D0 /* NSString+XQFormat.h */ = {isa = PBXFileReference; lastKnownFileType = sourcecode.c.h; path = "NSString+XQFormat.h"; sourceTree = "<group>"; };
		1697FCEA21F96C6000CEC8D0 /* NSString+XQFormat.m */ = {isa = PBXFileReference; lastKnownFileType = sourcecode.c.objc; path = "NSString+XQFormat.m"; sourceTree = "<group>"; };
		1697FCED21F96D2A00CEC8D0 /* NSString+XQSize.h */ = {isa = PBXFileReference; lastKnownFileType = sourcecode.c.h; path = "NSString+XQSize.h"; sourceTree = "<group>"; };
		1697FCEE21F96D2A00CEC8D0 /* NSString+XQSize.m */ = {isa = PBXFileReference; lastKnownFileType = sourcecode.c.objc; path = "NSString+XQSize.m"; sourceTree = "<group>"; };
		1697FCF921F973AF00CEC8D0 /* NSObject+XQRuntime.h */ = {isa = PBXFileReference; lastKnownFileType = sourcecode.c.h; path = "NSObject+XQRuntime.h"; sourceTree = "<group>"; };
		1697FCFA21F973AF00CEC8D0 /* NSObject+XQRuntime.m */ = {isa = PBXFileReference; lastKnownFileType = sourcecode.c.objc; path = "NSObject+XQRuntime.m"; sourceTree = "<group>"; };
		1697FCFD21F9803E00CEC8D0 /* NSArray+XQDescription.h */ = {isa = PBXFileReference; lastKnownFileType = sourcecode.c.h; path = "NSArray+XQDescription.h"; sourceTree = "<group>"; };
		1697FCFE21F9803E00CEC8D0 /* NSArray+XQDescription.m */ = {isa = PBXFileReference; lastKnownFileType = sourcecode.c.objc; path = "NSArray+XQDescription.m"; sourceTree = "<group>"; };
		1697FD0121F9806100CEC8D0 /* NSDictionary+XQDescription.h */ = {isa = PBXFileReference; lastKnownFileType = sourcecode.c.h; path = "NSDictionary+XQDescription.h"; sourceTree = "<group>"; };
		1697FD0221F9806100CEC8D0 /* NSDictionary+XQDescription.m */ = {isa = PBXFileReference; lastKnownFileType = sourcecode.c.objc; path = "NSDictionary+XQDescription.m"; sourceTree = "<group>"; };
		1697FD0521F98EDC00CEC8D0 /* UIButton+XQAction.h */ = {isa = PBXFileReference; lastKnownFileType = sourcecode.c.h; path = "UIButton+XQAction.h"; sourceTree = "<group>"; };
		1697FD0621F98EDC00CEC8D0 /* UIButton+XQAction.m */ = {isa = PBXFileReference; lastKnownFileType = sourcecode.c.objc; path = "UIButton+XQAction.m"; sourceTree = "<group>"; };
		1697FD0921F98FE000CEC8D0 /* UIView+XQFrame.h */ = {isa = PBXFileReference; lastKnownFileType = sourcecode.c.h; path = "UIView+XQFrame.h"; sourceTree = "<group>"; };
		1697FD0A21F98FE000CEC8D0 /* UIView+XQFrame.m */ = {isa = PBXFileReference; lastKnownFileType = sourcecode.c.objc; path = "UIView+XQFrame.m"; sourceTree = "<group>"; };
		1697FD0D21F98FF400CEC8D0 /* UIView+XQFunction.h */ = {isa = PBXFileReference; lastKnownFileType = sourcecode.c.h; path = "UIView+XQFunction.h"; sourceTree = "<group>"; };
		1697FD0E21F98FF400CEC8D0 /* UIView+XQFunction.m */ = {isa = PBXFileReference; lastKnownFileType = sourcecode.c.objc; path = "UIView+XQFunction.m"; sourceTree = "<group>"; };
		1697FD1121F9944500CEC8D0 /* UIImage+XQImage.h */ = {isa = PBXFileReference; lastKnownFileType = sourcecode.c.h; path = "UIImage+XQImage.h"; sourceTree = "<group>"; };
		1697FD1221F9944500CEC8D0 /* UIImage+XQImage.m */ = {isa = PBXFileReference; lastKnownFileType = sourcecode.c.objc; path = "UIImage+XQImage.m"; sourceTree = "<group>"; };
		1697FD1521F9953000CEC8D0 /* NSData+XQBase64.h */ = {isa = PBXFileReference; lastKnownFileType = sourcecode.c.h; path = "NSData+XQBase64.h"; sourceTree = "<group>"; };
		1697FD1621F9953000CEC8D0 /* NSData+XQBase64.m */ = {isa = PBXFileReference; lastKnownFileType = sourcecode.c.objc; path = "NSData+XQBase64.m"; sourceTree = "<group>"; };
		1697FD1921F9961E00CEC8D0 /* UIColor+XQString.h */ = {isa = PBXFileReference; lastKnownFileType = sourcecode.c.h; path = "UIColor+XQString.h"; sourceTree = "<group>"; };
		1697FD1A21F9961E00CEC8D0 /* UIColor+XQString.m */ = {isa = PBXFileReference; lastKnownFileType = sourcecode.c.objc; path = "UIColor+XQString.m"; sourceTree = "<group>"; };
		1697FD1E21F9984E00CEC8D0 /* XQMacro+SystemInfo.h */ = {isa = PBXFileReference; lastKnownFileType = sourcecode.c.h; path = "XQMacro+SystemInfo.h"; sourceTree = "<group>"; };
		1697FD1F21F9987900CEC8D0 /* XQMacro+Cache.h */ = {isa = PBXFileReference; lastKnownFileType = sourcecode.c.h; path = "XQMacro+Cache.h"; sourceTree = "<group>"; };
		1697FD2021F9988900CEC8D0 /* XQMacro+Alert.h */ = {isa = PBXFileReference; lastKnownFileType = sourcecode.c.h; path = "XQMacro+Alert.h"; sourceTree = "<group>"; };
		1697FD2121F9995600CEC8D0 /* XQMacro+Color.h */ = {isa = PBXFileReference; lastKnownFileType = sourcecode.c.h; path = "XQMacro+Color.h"; sourceTree = "<group>"; };
		1697FD2221F999B800CEC8D0 /* XQMacro+Notification.h */ = {isa = PBXFileReference; lastKnownFileType = sourcecode.c.h; path = "XQMacro+Notification.h"; sourceTree = "<group>"; };
		1697FD2321F99AA800CEC8D0 /* XQMacro+Property.h */ = {isa = PBXFileReference; lastKnownFileType = sourcecode.c.h; path = "XQMacro+Property.h"; sourceTree = "<group>"; };
		1697FD2421F99AE200CEC8D0 /* XQCategorys.h */ = {isa = PBXFileReference; lastKnownFileType = sourcecode.c.h; path = XQCategorys.h; sourceTree = "<group>"; };
/* End PBXFileReference section */

/* Begin PBXFrameworksBuildPhase section */
		1697FC8221F95ADB00CEC8D0 /* Frameworks */ = {
			isa = PBXFrameworksBuildPhase;
			buildActionMask = 2147483647;
			files = (
			);
			runOnlyForDeploymentPostprocessing = 0;
		};
/* End PBXFrameworksBuildPhase section */

/* Begin PBXGroup section */
		1697FC7B21F95ADB00CEC8D0 = {
			isa = PBXGroup;
			children = (
				1697FC8721F95ADB00CEC8D0 /* XQTools */,
				1697FC8621F95ADB00CEC8D0 /* Products */,
			);
			sourceTree = "<group>";
		};
		1697FC8621F95ADB00CEC8D0 /* Products */ = {
			isa = PBXGroup;
			children = (
				1697FC8521F95ADB00CEC8D0 /* XQTools.framework */,
			);
			name = Products;
			sourceTree = "<group>";
		};
		1697FC8721F95ADB00CEC8D0 /* XQTools */ = {
			isa = PBXGroup;
			children = (
				1697FCBC21F9610500CEC8D0 /* Macro */,
				1697FCBB21F960CA00CEC8D0 /* Analysis */,
				1697FCBA21F9608300CEC8D0 /* Controls */,
				1697FCB921F9606900CEC8D0 /* Categorys */,
				1697FCB821F9601600CEC8D0 /* Localize */,
				1697FCB721F95FDF00CEC8D0 /* Network */,
				1697FCB621F95FD900CEC8D0 /* Router */,
				1697FCB521F95FCF00CEC8D0 /* Cache */,
				1697FC8821F95ADB00CEC8D0 /* XQTools.h */,
				1697FC8921F95ADB00CEC8D0 /* Info.plist */,
			);
			path = XQTools;
			sourceTree = "<group>";
		};
		1697FCB521F95FCF00CEC8D0 /* Cache */ = {
			isa = PBXGroup;
			children = (
				1697FCBD21F9616000CEC8D0 /* XQCache.h */,
				1697FCBE21F9616000CEC8D0 /* XQCache.m */,
			);
			path = Cache;
			sourceTree = "<group>";
		};
		1697FCB621F95FD900CEC8D0 /* Router */ = {
			isa = PBXGroup;
			children = (
				1697FCC121F9617000CEC8D0 /* XQRouter.h */,
				1697FCC221F9617000CEC8D0 /* XQRouter.m */,
			);
			path = Router;
			sourceTree = "<group>";
		};
		1697FCB721F95FDF00CEC8D0 /* Network */ = {
			isa = PBXGroup;
			children = (
				1697FCC521F9631D00CEC8D0 /* XQNetwork.h */,
				1697FCC621F9631D00CEC8D0 /* XQNetwork.m */,
			);
			path = Network;
			sourceTree = "<group>";
		};
		1697FCB821F9601600CEC8D0 /* Localize */ = {
			isa = PBXGroup;
			children = (
				1697FCC921F9632D00CEC8D0 /* XQLocalize.h */,
				1697FCCA21F9632D00CEC8D0 /* XQLocalize.m */,
			);
			path = Localize;
			sourceTree = "<group>";
		};
		1697FCB921F9606900CEC8D0 /* Categorys */ = {
			isa = PBXGroup;
			children = (
				1697FD2421F99AE200CEC8D0 /* XQCategorys.h */,
				1697FCF821F971B500CEC8D0 /* NSObject */,
				1697FCF721F9717C00CEC8D0 /* Description */,
				1697FCF621F9713D00CEC8D0 /* UIButton */,
				1697FCF521F9711300CEC8D0 /* UIImage */,
				1697FCF421F9710D00CEC8D0 /* UIColor */,
				1697FCF321F9710400CEC8D0 /* NSData */,
				1697FCF121F970D700CEC8D0 /* UIView */,
				1697FCE021F96B1600CEC8D0 /* NSString */,
			);
			path = Categorys;
			sourceTree = "<group>";
		};
		1697FCBA21F9608300CEC8D0 /* Controls */ = {
			isa = PBXGroup;
			children = (
				1697FCD321F9638A00CEC8D0 /* TableView */,
				1697FCD221F9637000CEC8D0 /* Alert */,
			);
			path = Controls;
			sourceTree = "<group>";
		};
		1697FCBB21F960CA00CEC8D0 /* Analysis */ = {
			isa = PBXGroup;
			children = (
				1697FCCD21F9633B00CEC8D0 /* XQAnalysis.h */,
				1697FCCE21F9633B00CEC8D0 /* XQAnalysis.m */,
			);
			path = Analysis;
			sourceTree = "<group>";
		};
		1697FCBC21F9610500CEC8D0 /* Macro */ = {
			isa = PBXGroup;
			children = (
				1697FCD121F9634A00CEC8D0 /* XQMacro.h */,
				1697FD1D21F997F800CEC8D0 /* Macros */,
			);
			path = Macro;
			sourceTree = "<group>";
		};
		1697FCD221F9637000CEC8D0 /* Alert */ = {
			isa = PBXGroup;
			children = (
				1697FCD421F963BA00CEC8D0 /* XQAlert.h */,
				1697FCD521F963BA00CEC8D0 /* XQAlert.m */,
			);
			path = Alert;
			sourceTree = "<group>";
		};
		1697FCD321F9638A00CEC8D0 /* TableView */ = {
			isa = PBXGroup;
			children = (
				1697FCD821F963DB00CEC8D0 /* XQTableView.h */,
				1697FCD921F963DB00CEC8D0 /* XQTableView.m */,
			);
			path = TableView;
			sourceTree = "<group>";
		};
		1697FCE021F96B1600CEC8D0 /* NSString */ = {
			isa = PBXGroup;
			children = (
				1697FCE121F96B4E00CEC8D0 /* NSString+XQDecimalNumber.h */,
				1697FCE221F96B4E00CEC8D0 /* NSString+XQDecimalNumber.m */,
				1697FCE521F96BC600CEC8D0 /* NSString+XQPredicate.h */,
				1697FCE621F96BC600CEC8D0 /* NSString+XQPredicate.m */,
				1697FCE921F96C6000CEC8D0 /* NSString+XQFormat.h */,
				1697FCEA21F96C6000CEC8D0 /* NSString+XQFormat.m */,
				1697FCED21F96D2A00CEC8D0 /* NSString+XQSize.h */,
				1697FCEE21F96D2A00CEC8D0 /* NSString+XQSize.m */,
			);
			path = NSString;
			sourceTree = "<group>";
		};
		1697FCF121F970D700CEC8D0 /* UIView */ = {
			isa = PBXGroup;
			children = (
				1697FD0921F98FE000CEC8D0 /* UIView+XQFrame.h */,
				1697FD0A21F98FE000CEC8D0 /* UIView+XQFrame.m */,
				1697FD0D21F98FF400CEC8D0 /* UIView+XQFunction.h */,
				1697FD0E21F98FF400CEC8D0 /* UIView+XQFunction.m */,
			);
			path = UIView;
			sourceTree = "<group>";
		};
		1697FCF321F9710400CEC8D0 /* NSData */ = {
			isa = PBXGroup;
			children = (
				1697FD1521F9953000CEC8D0 /* NSData+XQBase64.h */,
				1697FD1621F9953000CEC8D0 /* NSData+XQBase64.m */,
			);
			path = NSData;
			sourceTree = "<group>";
		};
		1697FCF421F9710D00CEC8D0 /* UIColor */ = {
			isa = PBXGroup;
			children = (
				1697FD1921F9961E00CEC8D0 /* UIColor+XQString.h */,
				1697FD1A21F9961E00CEC8D0 /* UIColor+XQString.m */,
			);
			path = UIColor;
			sourceTree = "<group>";
		};
		1697FCF521F9711300CEC8D0 /* UIImage */ = {
			isa = PBXGroup;
			children = (
				1697FD1121F9944500CEC8D0 /* UIImage+XQImage.h */,
				1697FD1221F9944500CEC8D0 /* UIImage+XQImage.m */,
			);
			path = UIImage;
			sourceTree = "<group>";
		};
		1697FCF621F9713D00CEC8D0 /* UIButton */ = {
			isa = PBXGroup;
			children = (
				1697FD0521F98EDC00CEC8D0 /* UIButton+XQAction.h */,
				1697FD0621F98EDC00CEC8D0 /* UIButton+XQAction.m */,
			);
			path = UIButton;
			sourceTree = "<group>";
		};
		1697FCF721F9717C00CEC8D0 /* Description */ = {
			isa = PBXGroup;
			children = (
				1697FCFD21F9803E00CEC8D0 /* NSArray+XQDescription.h */,
				1697FCFE21F9803E00CEC8D0 /* NSArray+XQDescription.m */,
				1697FD0121F9806100CEC8D0 /* NSDictionary+XQDescription.h */,
				1697FD0221F9806100CEC8D0 /* NSDictionary+XQDescription.m */,
			);
			path = Description;
			sourceTree = "<group>";
		};
		1697FCF821F971B500CEC8D0 /* NSObject */ = {
			isa = PBXGroup;
			children = (
				1697FCF921F973AF00CEC8D0 /* NSObject+XQRuntime.h */,
				1697FCFA21F973AF00CEC8D0 /* NSObject+XQRuntime.m */,
			);
			path = NSObject;
			sourceTree = "<group>";
		};
		1697FD1D21F997F800CEC8D0 /* Macros */ = {
			isa = PBXGroup;
			children = (
				1697FD1E21F9984E00CEC8D0 /* XQMacro+SystemInfo.h */,
				1697FD2121F9995600CEC8D0 /* XQMacro+Color.h */,
				1697FD1F21F9987900CEC8D0 /* XQMacro+Cache.h */,
				1697FD2021F9988900CEC8D0 /* XQMacro+Alert.h */,
				1697FD2221F999B800CEC8D0 /* XQMacro+Notification.h */,
				1697FD2321F99AA800CEC8D0 /* XQMacro+Property.h */,
			);
			path = Macros;
			sourceTree = "<group>";
		};
/* End PBXGroup section */

/* Begin PBXHeadersBuildPhase section */
		1697FC8021F95ADB00CEC8D0 /* Headers */ = {
			isa = PBXHeadersBuildPhase;
			buildActionMask = 2147483647;
			files = (
				1697FCE321F96B4E00CEC8D0 /* NSString+XQDecimalNumber.h in Headers */,
				1697FCE721F96BC600CEC8D0 /* NSString+XQPredicate.h in Headers */,
				1697FCCB21F9632D00CEC8D0 /* XQLocalize.h in Headers */,
				1697FCC721F9631D00CEC8D0 /* XQNetwork.h in Headers */,
				1697FD0321F9806100CEC8D0 /* NSDictionary+XQDescription.h in Headers */,
				1697FD1321F9944500CEC8D0 /* UIImage+XQImage.h in Headers */,
				1697FD0B21F98FE000CEC8D0 /* UIView+XQFrame.h in Headers */,
				1697FD0F21F98FF400CEC8D0 /* UIView+XQFunction.h in Headers */,
				1697FD0721F98EDC00CEC8D0 /* UIButton+XQAction.h in Headers */,
				1697FCC321F9617000CEC8D0 /* XQRouter.h in Headers */,
				1697FCCF21F9633B00CEC8D0 /* XQAnalysis.h in Headers */,
				1697FD1721F9953000CEC8D0 /* NSData+XQBase64.h in Headers */,
				1697FCEB21F96C6000CEC8D0 /* NSString+XQFormat.h in Headers */,
				1697FCFB21F973AF00CEC8D0 /* NSObject+XQRuntime.h in Headers */,
				1697FCBF21F9616000CEC8D0 /* XQCache.h in Headers */,
				1697FCEF21F96D2A00CEC8D0 /* NSString+XQSize.h in Headers */,
				1697FC8A21F95ADB00CEC8D0 /* XQTools.h in Headers */,
				1697FD1B21F9961E00CEC8D0 /* UIColor+XQString.h in Headers */,
				1697FCFF21F9803E00CEC8D0 /* NSArray+XQDescription.h in Headers */,
				1697FCD621F963BA00CEC8D0 /* XQAlert.h in Headers */,
				1697FCDA21F963DB00CEC8D0 /* XQTableView.h in Headers */,
			);
			runOnlyForDeploymentPostprocessing = 0;
		};
/* End PBXHeadersBuildPhase section */

/* Begin PBXNativeTarget section */
		1697FC8421F95ADB00CEC8D0 /* XQTools */ = {
			isa = PBXNativeTarget;
			buildConfigurationList = 1697FC8D21F95ADB00CEC8D0 /* Build configuration list for PBXNativeTarget "XQTools" */;
			buildPhases = (
				1697FC8021F95ADB00CEC8D0 /* Headers */,
				1697FC8121F95ADB00CEC8D0 /* Sources */,
				1697FC8221F95ADB00CEC8D0 /* Frameworks */,
				1697FC8321F95ADB00CEC8D0 /* Resources */,
			);
			buildRules = (
			);
			dependencies = (
			);
			name = XQTools;
			productName = XQTools;
			productReference = 1697FC8521F95ADB00CEC8D0 /* XQTools.framework */;
			productType = "com.apple.product-type.framework";
		};
/* End PBXNativeTarget section */

/* Begin PBXProject section */
		1697FC7C21F95ADB00CEC8D0 /* Project object */ = {
			isa = PBXProject;
			attributes = {
				LastUpgradeCheck = 1010;
				ORGANIZATIONNAME = xq;
				TargetAttributes = {
					1697FC8421F95ADB00CEC8D0 = {
						CreatedOnToolsVersion = 10.1;
					};
				};
			};
			buildConfigurationList = 1697FC7F21F95ADB00CEC8D0 /* Build configuration list for PBXProject "XQTools" */;
			compatibilityVersion = "Xcode 9.3";
			developmentRegion = en;
			hasScannedForEncodings = 0;
			knownRegions = (
				en,
			);
			mainGroup = 1697FC7B21F95ADB00CEC8D0;
			productRefGroup = 1697FC8621F95ADB00CEC8D0 /* Products */;
			projectDirPath = "";
			projectRoot = "";
			targets = (
				1697FC8421F95ADB00CEC8D0 /* XQTools */,
			);
		};
/* End PBXProject section */

/* Begin PBXResourcesBuildPhase section */
		1697FC8321F95ADB00CEC8D0 /* Resources */ = {
			isa = PBXResourcesBuildPhase;
			buildActionMask = 2147483647;
			files = (
			);
			runOnlyForDeploymentPostprocessing = 0;
		};
/* End PBXResourcesBuildPhase section */

/* Begin PBXSourcesBuildPhase section */
		1697FC8121F95ADB00CEC8D0 /* Sources */ = {
			isa = PBXSourcesBuildPhase;
			buildActionMask = 2147483647;
			files = (
				1697FCC821F9631D00CEC8D0 /* XQNetwork.m in Sources */,
				1697FD1C21F9961E00CEC8D0 /* UIColor+XQString.m in Sources */,
				1697FD0021F9803E00CEC8D0 /* NSArray+XQDescription.m in Sources */,
				1697FCDB21F963DB00CEC8D0 /* XQTableView.m in Sources */,
				1697FD1021F98FF400CEC8D0 /* UIView+XQFunction.m in Sources */,
				1697FD0C21F98FE000CEC8D0 /* UIView+XQFrame.m in Sources */,
				1697FCE821F96BC600CEC8D0 /* NSString+XQPredicate.m in Sources */,
				1697FD1821F9953000CEC8D0 /* NSData+XQBase64.m in Sources */,
				1697FD0421F9806100CEC8D0 /* NSDictionary+XQDescription.m in Sources */,
				1697FCFC21F973AF00CEC8D0 /* NSObject+XQRuntime.m in Sources */,
				1697FCD721F963BA00CEC8D0 /* XQAlert.m in Sources */,
				1697FCC021F9616000CEC8D0 /* XQCache.m in Sources */,
				1697FD1421F9944500CEC8D0 /* UIImage+XQImage.m in Sources */,
				1697FD0821F98EDC00CEC8D0 /* UIButton+XQAction.m in Sources */,
				1697FCEC21F96C6000CEC8D0 /* NSString+XQFormat.m in Sources */,
				1697FCE421F96B4E00CEC8D0 /* NSString+XQDecimalNumber.m in Sources */,
				1697FCC421F9617000CEC8D0 /* XQRouter.m in Sources */,
				1697FCD021F9633B00CEC8D0 /* XQAnalysis.m in Sources */,
				1697FCCC21F9632D00CEC8D0 /* XQLocalize.m in Sources */,
				1697FCF021F96D2A00CEC8D0 /* NSString+XQSize.m in Sources */,
			);
			runOnlyForDeploymentPostprocessing = 0;
		};
/* End PBXSourcesBuildPhase section */

/* Begin XCBuildConfiguration section */
		1697FC8B21F95ADB00CEC8D0 /* Debug */ = {
			isa = XCBuildConfiguration;
			buildSettings = {
				ALWAYS_SEARCH_USER_PATHS = NO;
				CLANG_ANALYZER_NONNULL = YES;
				CLANG_ANALYZER_NUMBER_OBJECT_CONVERSION = YES_AGGRESSIVE;
				CLANG_CXX_LANGUAGE_STANDARD = "gnu++14";
				CLANG_CXX_LIBRARY = "libc++";
				CLANG_ENABLE_MODULES = YES;
				CLANG_ENABLE_OBJC_ARC = YES;
				CLANG_ENABLE_OBJC_WEAK = YES;
				CLANG_WARN_BLOCK_CAPTURE_AUTORELEASING = YES;
				CLANG_WARN_BOOL_CONVERSION = YES;
				CLANG_WARN_COMMA = YES;
				CLANG_WARN_CONSTANT_CONVERSION = YES;
				CLANG_WARN_DEPRECATED_OBJC_IMPLEMENTATIONS = YES;
				CLANG_WARN_DIRECT_OBJC_ISA_USAGE = YES_ERROR;
				CLANG_WARN_DOCUMENTATION_COMMENTS = YES;
				CLANG_WARN_EMPTY_BODY = YES;
				CLANG_WARN_ENUM_CONVERSION = YES;
				CLANG_WARN_INFINITE_RECURSION = YES;
				CLANG_WARN_INT_CONVERSION = YES;
				CLANG_WARN_NON_LITERAL_NULL_CONVERSION = YES;
				CLANG_WARN_OBJC_IMPLICIT_RETAIN_SELF = YES;
				CLANG_WARN_OBJC_LITERAL_CONVERSION = YES;
				CLANG_WARN_OBJC_ROOT_CLASS = YES_ERROR;
				CLANG_WARN_RANGE_LOOP_ANALYSIS = YES;
				CLANG_WARN_STRICT_PROTOTYPES = YES;
				CLANG_WARN_SUSPICIOUS_MOVE = YES;
				CLANG_WARN_UNGUARDED_AVAILABILITY = YES_AGGRESSIVE;
				CLANG_WARN_UNREACHABLE_CODE = YES;
				CLANG_WARN__DUPLICATE_METHOD_MATCH = YES;
				CODE_SIGN_IDENTITY = "iPhone Developer";
				COPY_PHASE_STRIP = NO;
				CURRENT_PROJECT_VERSION = 1;
				DEBUG_INFORMATION_FORMAT = dwarf;
				ENABLE_STRICT_OBJC_MSGSEND = YES;
				ENABLE_TESTABILITY = YES;
				GCC_C_LANGUAGE_STANDARD = gnu11;
				GCC_DYNAMIC_NO_PIC = NO;
				GCC_NO_COMMON_BLOCKS = YES;
				GCC_OPTIMIZATION_LEVEL = 0;
				GCC_PREPROCESSOR_DEFINITIONS = (
					"DEBUG=1",
					"$(inherited)",
				);
				GCC_WARN_64_TO_32_BIT_CONVERSION = YES;
				GCC_WARN_ABOUT_RETURN_TYPE = YES_ERROR;
				GCC_WARN_UNDECLARED_SELECTOR = YES;
				GCC_WARN_UNINITIALIZED_AUTOS = YES_AGGRESSIVE;
				GCC_WARN_UNUSED_FUNCTION = YES;
				GCC_WARN_UNUSED_VARIABLE = YES;
				IPHONEOS_DEPLOYMENT_TARGET = 12.1;
				MTL_ENABLE_DEBUG_INFO = INCLUDE_SOURCE;
				MTL_FAST_MATH = YES;
				ONLY_ACTIVE_ARCH = YES;
				SDKROOT = iphoneos;
				VERSIONING_SYSTEM = "apple-generic";
				VERSION_INFO_PREFIX = "";
			};
			name = Debug;
		};
		1697FC8C21F95ADB00CEC8D0 /* Release */ = {
			isa = XCBuildConfiguration;
			buildSettings = {
				ALWAYS_SEARCH_USER_PATHS = NO;
				CLANG_ANALYZER_NONNULL = YES;
				CLANG_ANALYZER_NUMBER_OBJECT_CONVERSION = YES_AGGRESSIVE;
				CLANG_CXX_LANGUAGE_STANDARD = "gnu++14";
				CLANG_CXX_LIBRARY = "libc++";
				CLANG_ENABLE_MODULES = YES;
				CLANG_ENABLE_OBJC_ARC = YES;
				CLANG_ENABLE_OBJC_WEAK = YES;
				CLANG_WARN_BLOCK_CAPTURE_AUTORELEASING = YES;
				CLANG_WARN_BOOL_CONVERSION = YES;
				CLANG_WARN_COMMA = YES;
				CLANG_WARN_CONSTANT_CONVERSION = YES;
				CLANG_WARN_DEPRECATED_OBJC_IMPLEMENTATIONS = YES;
				CLANG_WARN_DIRECT_OBJC_ISA_USAGE = YES_ERROR;
				CLANG_WARN_DOCUMENTATION_COMMENTS = YES;
				CLANG_WARN_EMPTY_BODY = YES;
				CLANG_WARN_ENUM_CONVERSION = YES;
				CLANG_WARN_INFINITE_RECURSION = YES;
				CLANG_WARN_INT_CONVERSION = YES;
				CLANG_WARN_NON_LITERAL_NULL_CONVERSION = YES;
				CLANG_WARN_OBJC_IMPLICIT_RETAIN_SELF = YES;
				CLANG_WARN_OBJC_LITERAL_CONVERSION = YES;
				CLANG_WARN_OBJC_ROOT_CLASS = YES_ERROR;
				CLANG_WARN_RANGE_LOOP_ANALYSIS = YES;
				CLANG_WARN_STRICT_PROTOTYPES = YES;
				CLANG_WARN_SUSPICIOUS_MOVE = YES;
				CLANG_WARN_UNGUARDED_AVAILABILITY = YES_AGGRESSIVE;
				CLANG_WARN_UNREACHABLE_CODE = YES;
				CLANG_WARN__DUPLICATE_METHOD_MATCH = YES;
				CODE_SIGN_IDENTITY = "iPhone Developer";
				COPY_PHASE_STRIP = NO;
				CURRENT_PROJECT_VERSION = 1;
				DEBUG_INFORMATION_FORMAT = "dwarf-with-dsym";
				ENABLE_NS_ASSERTIONS = NO;
				ENABLE_STRICT_OBJC_MSGSEND = YES;
				GCC_C_LANGUAGE_STANDARD = gnu11;
				GCC_NO_COMMON_BLOCKS = YES;
				GCC_WARN_64_TO_32_BIT_CONVERSION = YES;
				GCC_WARN_ABOUT_RETURN_TYPE = YES_ERROR;
				GCC_WARN_UNDECLARED_SELECTOR = YES;
				GCC_WARN_UNINITIALIZED_AUTOS = YES_AGGRESSIVE;
				GCC_WARN_UNUSED_FUNCTION = YES;
				GCC_WARN_UNUSED_VARIABLE = YES;
				IPHONEOS_DEPLOYMENT_TARGET = 12.1;
				MTL_ENABLE_DEBUG_INFO = NO;
				MTL_FAST_MATH = YES;
				SDKROOT = iphoneos;
				VALIDATE_PRODUCT = YES;
				VERSIONING_SYSTEM = "apple-generic";
				VERSION_INFO_PREFIX = "";
			};
			name = Release;
		};
		1697FC8E21F95ADB00CEC8D0 /* Debug */ = {
			isa = XCBuildConfiguration;
			buildSettings = {
				CODE_SIGN_IDENTITY = "";
				CODE_SIGN_STYLE = Automatic;
				DEFINES_MODULE = YES;
				DEVELOPMENT_TEAM = QJFM9577GS;
				DYLIB_COMPATIBILITY_VERSION = 1;
				DYLIB_CURRENT_VERSION = 1;
				DYLIB_INSTALL_NAME_BASE = "@rpath";
				INFOPLIST_FILE = XQTools/Info.plist;
				INSTALL_PATH = "$(LOCAL_LIBRARY_DIR)/Frameworks";
				LD_RUNPATH_SEARCH_PATHS = (
					"$(inherited)",
					"@executable_path/Frameworks",
					"@loader_path/Frameworks",
				);
				PRODUCT_BUNDLE_IDENTIFIER = xq.XQTools;
				PRODUCT_NAME = "$(TARGET_NAME:c99extidentifier)";
				SKIP_INSTALL = YES;
				TARGETED_DEVICE_FAMILY = "1,2";
			};
			name = Debug;
		};
		1697FC8F21F95ADB00CEC8D0 /* Release */ = {
			isa = XCBuildConfiguration;
			buildSettings = {
				CODE_SIGN_IDENTITY = "";
				CODE_SIGN_STYLE = Automatic;
				DEFINES_MODULE = YES;
				DEVELOPMENT_TEAM = QJFM9577GS;
				DYLIB_COMPATIBILITY_VERSION = 1;
				DYLIB_CURRENT_VERSION = 1;
				DYLIB_INSTALL_NAME_BASE = "@rpath";
				INFOPLIST_FILE = XQTools/Info.plist;
				INSTALL_PATH = "$(LOCAL_LIBRARY_DIR)/Frameworks";
				LD_RUNPATH_SEARCH_PATHS = (
					"$(inherited)",
					"@executable_path/Frameworks",
					"@loader_path/Frameworks",
				);
				PRODUCT_BUNDLE_IDENTIFIER = xq.XQTools;
				PRODUCT_NAME = "$(TARGET_NAME:c99extidentifier)";
				SKIP_INSTALL = YES;
				TARGETED_DEVICE_FAMILY = "1,2";
			};
			name = Release;
		};
/* End XCBuildConfiguration section */

/* Begin XCConfigurationList section */
		1697FC7F21F95ADB00CEC8D0 /* Build configuration list for PBXProject "XQTools" */ = {
			isa = XCConfigurationList;
			buildConfigurations = (
				1697FC8B21F95ADB00CEC8D0 /* Debug */,
				1697FC8C21F95ADB00CEC8D0 /* Release */,
			);
			defaultConfigurationIsVisible = 0;
			defaultConfigurationName = Release;
		};
		1697FC8D21F95ADB00CEC8D0 /* Build configuration list for PBXNativeTarget "XQTools" */ = {
			isa = XCConfigurationList;
			buildConfigurations = (
				1697FC8E21F95ADB00CEC8D0 /* Debug */,
				1697FC8F21F95ADB00CEC8D0 /* Release */,
			);
			defaultConfigurationIsVisible = 0;
			defaultConfigurationName = Release;
		};
/* End XCConfigurationList section */
	};
	rootObject = 1697FC7C21F95ADB00CEC8D0 /* Project object */;
}
